
Microsoft Visual Studio Solution File, Format Version 12.00
# Visual Studio Version 16
VisualStudioVersion = 16.0.29728.190
MinimumVisualStudioVersion = 10.0.40219.1
Project("{FAE04EC0-301F-11D3-BF4B-00C04F79EFBC}") = "employee", "employee\employee.csproj", "{D726C1C6-CE29-4CAD-A8AE-CACD7874BC61}"
EndProject
Global
	GlobalSection(SolutionConfigurationPlatforms) = preSolution
		Debug|Any CPU = Debug|Any CPU
		Release|Any CPU = Release|Any CPU
	EndGlobalSection
	GlobalSection(ProjectConfigurationPlatforms) = postSolution
		{D726C1C6-CE29-4CAD-A8AE-CACD7874BC61}.Debug|Any CPU.ActiveCfg = Debug|Any CPU
		{D726C1C6-CE29-4CAD-A8AE-CACD7874BC61}.Debug|Any CPU.Build.0 = Debug|Any CPU
		{D726C1C6-CE29-4CAD-A8AE-CACD7874BC61}.Release|Any CPU.ActiveCfg = Release|Any CPU
		{D726C1C6-CE29-4CAD-A8AE-CACD7874BC61}.Release|Any CPU.Build.0 = Release|Any CPU
	EndGlobalSection
	GlobalSection(SolutionProperties) = preSolution
		HideSolutionNode = FALSE
	EndGlobalSection
	GlobalSection(ExtensibilityGlobals) = postSolution
		SolutionGuid = {E774A36D-249E-442E-9AD6-D5C1D9894150}
	EndGlobalSection
EndGlobal
