
Microsoft Visual Studio Solution File, Format Version 12.00
# Visual Studio 15
VisualStudioVersion = 15.0.26730.16
MinimumVisualStudioVersion = 10.0.40219.1
Project("{FAE04EC0-301F-11D3-BF4B-00C04F79EFBC}") = "ConsoleApp2", "ConsoleApp2\ConsoleApp2.csproj", "{430A9A7E-CF75-402F-A6E8-D84A2E1ACAB4}"
EndProject
Global
	GlobalSection(SolutionConfigurationPlatforms) = preSolution
		Debug|Any CPU = Debug|Any CPU
		Release|Any CPU = Release|Any CPU
	EndGlobalSection
	GlobalSection(ProjectConfigurationPlatforms) = postSolution
		{430A9A7E-CF75-402F-A6E8-D84A2E1ACAB4}.Debug|Any CPU.ActiveCfg = Debug|Any CPU
		{430A9A7E-CF75-402F-A6E8-D84A2E1ACAB4}.Debug|Any CPU.Build.0 = Debug|Any CPU
		{430A9A7E-CF75-402F-A6E8-D84A2E1ACAB4}.Release|Any CPU.ActiveCfg = Release|Any CPU
		{430A9A7E-CF75-402F-A6E8-D84A2E1ACAB4}.Release|Any CPU.Build.0 = Release|Any CPU
	EndGlobalSection
	GlobalSection(SolutionProperties) = preSolution
		HideSolutionNode = FALSE
	EndGlobalSection
	GlobalSection(ExtensibilityGlobals) = postSolution
		SolutionGuid = {AFCA7B8C-4B83-4BA3-8BD4-AC9B0391DE69}
	EndGlobalSection
EndGlobal
