
Microsoft Visual Studio Solution File, Format Version 12.00
# Visual Studio 15
VisualStudioVersion = 15.0.26730.16
MinimumVisualStudioVersion = 10.0.40219.1
Project("{FAE04EC0-301F-11D3-BF4B-00C04F79EFBC}") = "typeconver", "typeconver\typeconver.csproj", "{878A025F-7252-4B72-B14F-B8E13A8ACA21}"
EndProject
Global
	GlobalSection(SolutionConfigurationPlatforms) = preSolution
		Debug|Any CPU = Debug|Any CPU
		Release|Any CPU = Release|Any CPU
	EndGlobalSection
	GlobalSection(ProjectConfigurationPlatforms) = postSolution
		{878A025F-7252-4B72-B14F-B8E13A8ACA21}.Debug|Any CPU.ActiveCfg = Debug|Any CPU
		{878A025F-7252-4B72-B14F-B8E13A8ACA21}.Debug|Any CPU.Build.0 = Debug|Any CPU
		{878A025F-7252-4B72-B14F-B8E13A8ACA21}.Release|Any CPU.ActiveCfg = Release|Any CPU
		{878A025F-7252-4B72-B14F-B8E13A8ACA21}.Release|Any CPU.Build.0 = Release|Any CPU
	EndGlobalSection
	GlobalSection(SolutionProperties) = preSolution
		HideSolutionNode = FALSE
	EndGlobalSection
	GlobalSection(ExtensibilityGlobals) = postSolution
		SolutionGuid = {54C1F3D9-98BF-4900-AE6B-DD67CCF2978D}
	EndGlobalSection
EndGlobal
