
Microsoft Visual Studio Solution File, Format Version 12.00
# Visual Studio 15
VisualStudioVersion = 15.0.26730.16
MinimumVisualStudioVersion = 10.0.40219.1
Project("{FAE04EC0-301F-11D3-BF4B-00C04F79EFBC}") = "classlibrary", "classlibrary\classlibrary.csproj", "{565D266D-BEAE-4A33-89D9-D18E2852A312}"
EndProject
Global
	GlobalSection(SolutionConfigurationPlatforms) = preSolution
		Debug|Any CPU = Debug|Any CPU
		Release|Any CPU = Release|Any CPU
	EndGlobalSection
	GlobalSection(ProjectConfigurationPlatforms) = postSolution
		{565D266D-BEAE-4A33-89D9-D18E2852A312}.Debug|Any CPU.ActiveCfg = Debug|Any CPU
		{565D266D-BEAE-4A33-89D9-D18E2852A312}.Debug|Any CPU.Build.0 = Debug|Any CPU
		{565D266D-BEAE-4A33-89D9-D18E2852A312}.Release|Any CPU.ActiveCfg = Release|Any CPU
		{565D266D-BEAE-4A33-89D9-D18E2852A312}.Release|Any CPU.Build.0 = Release|Any CPU
	EndGlobalSection
	GlobalSection(SolutionProperties) = preSolution
		HideSolutionNode = FALSE
	EndGlobalSection
	GlobalSection(ExtensibilityGlobals) = postSolution
		SolutionGuid = {66F99B58-C668-43C4-A715-6B189A8D63B0}
	EndGlobalSection
EndGlobal
