
Microsoft Visual Studio Solution File, Format Version 12.00
# Visual Studio 15
VisualStudioVersion = 15.0.26730.16
MinimumVisualStudioVersion = 10.0.40219.1
Project("{FAE04EC0-301F-11D3-BF4B-00C04F79EFBC}") = "string", "string\string.csproj", "{23E02DEE-A4C9-4253-9EB1-8400B626FD1F}"
EndProject
Global
	GlobalSection(SolutionConfigurationPlatforms) = preSolution
		Debug|Any CPU = Debug|Any CPU
		Release|Any CPU = Release|Any CPU
	EndGlobalSection
	GlobalSection(ProjectConfigurationPlatforms) = postSolution
		{23E02DEE-A4C9-4253-9EB1-8400B626FD1F}.Debug|Any CPU.ActiveCfg = Debug|Any CPU
		{23E02DEE-A4C9-4253-9EB1-8400B626FD1F}.Debug|Any CPU.Build.0 = Debug|Any CPU
		{23E02DEE-A4C9-4253-9EB1-8400B626FD1F}.Release|Any CPU.ActiveCfg = Release|Any CPU
		{23E02DEE-A4C9-4253-9EB1-8400B626FD1F}.Release|Any CPU.Build.0 = Release|Any CPU
	EndGlobalSection
	GlobalSection(SolutionProperties) = preSolution
		HideSolutionNode = FALSE
	EndGlobalSection
	GlobalSection(ExtensibilityGlobals) = postSolution
		SolutionGuid = {F051F3E0-A5BC-4C6A-976D-AB8324AAA376}
	EndGlobalSection
EndGlobal
