
Microsoft Visual Studio Solution File, Format Version 12.00
# Visual Studio 15
VisualStudioVersion = 15.0.26730.16
MinimumVisualStudioVersion = 10.0.40219.1
Project("{FAE04EC0-301F-11D3-BF4B-00C04F79EFBC}") = "streamreader", "streamreader\streamreader.csproj", "{1BCEC230-216A-4F84-A7A0-7E05432D4656}"
EndProject
Global
	GlobalSection(SolutionConfigurationPlatforms) = preSolution
		Debug|Any CPU = Debug|Any CPU
		Release|Any CPU = Release|Any CPU
	EndGlobalSection
	GlobalSection(ProjectConfigurationPlatforms) = postSolution
		{1BCEC230-216A-4F84-A7A0-7E05432D4656}.Debug|Any CPU.ActiveCfg = Debug|Any CPU
		{1BCEC230-216A-4F84-A7A0-7E05432D4656}.Debug|Any CPU.Build.0 = Debug|Any CPU
		{1BCEC230-216A-4F84-A7A0-7E05432D4656}.Release|Any CPU.ActiveCfg = Release|Any CPU
		{1BCEC230-216A-4F84-A7A0-7E05432D4656}.Release|Any CPU.Build.0 = Release|Any CPU
	EndGlobalSection
	GlobalSection(SolutionProperties) = preSolution
		HideSolutionNode = FALSE
	EndGlobalSection
	GlobalSection(ExtensibilityGlobals) = postSolution
		SolutionGuid = {5177E1FF-821D-43A9-B506-098B778628C8}
	EndGlobalSection
EndGlobal
