
Microsoft Visual Studio Solution File, Format Version 12.00
# Visual Studio Version 16
VisualStudioVersion = 16.0.29728.190
MinimumVisualStudioVersion = 10.0.40219.1
Project("{FAE04EC0-301F-11D3-BF4B-00C04F79EFBC}") = "WebApplication1", "WebApplication1\WebApplication1.csproj", "{CBA52131-003D-413B-944D-D091721A1F5C}"
EndProject
Global
	GlobalSection(SolutionConfigurationPlatforms) = preSolution
		Debug|Any CPU = Debug|Any CPU
		Release|Any CPU = Release|Any CPU
	EndGlobalSection
	GlobalSection(ProjectConfigurationPlatforms) = postSolution
		{CBA52131-003D-413B-944D-D091721A1F5C}.Debug|Any CPU.ActiveCfg = Debug|Any CPU
		{CBA52131-003D-413B-944D-D091721A1F5C}.Debug|Any CPU.Build.0 = Debug|Any CPU
		{CBA52131-003D-413B-944D-D091721A1F5C}.Release|Any CPU.ActiveCfg = Release|Any CPU
		{CBA52131-003D-413B-944D-D091721A1F5C}.Release|Any CPU.Build.0 = Release|Any CPU
	EndGlobalSection
	GlobalSection(SolutionProperties) = preSolution
		HideSolutionNode = FALSE
	EndGlobalSection
	GlobalSection(ExtensibilityGlobals) = postSolution
		SolutionGuid = {2C9E7B63-730C-4CEA-9B7E-DED93C2BC37E}
	EndGlobalSection
EndGlobal
