
Microsoft Visual Studio Solution File, Format Version 12.00
# Visual Studio 15
VisualStudioVersion = 15.0.26730.16
MinimumVisualStudioVersion = 10.0.40219.1
Project("{FAE04EC0-301F-11D3-BF4B-00C04F79EFBC}") = "restaurant", "restaurant\restaurant.csproj", "{B3C4E0E5-BA46-4B93-A2E0-D9B4C4275426}"
EndProject
Global
	GlobalSection(SolutionConfigurationPlatforms) = preSolution
		Debug|Any CPU = Debug|Any CPU
		Release|Any CPU = Release|Any CPU
	EndGlobalSection
	GlobalSection(ProjectConfigurationPlatforms) = postSolution
		{B3C4E0E5-BA46-4B93-A2E0-D9B4C4275426}.Debug|Any CPU.ActiveCfg = Debug|Any CPU
		{B3C4E0E5-BA46-4B93-A2E0-D9B4C4275426}.Debug|Any CPU.Build.0 = Debug|Any CPU
		{B3C4E0E5-BA46-4B93-A2E0-D9B4C4275426}.Release|Any CPU.ActiveCfg = Release|Any CPU
		{B3C4E0E5-BA46-4B93-A2E0-D9B4C4275426}.Release|Any CPU.Build.0 = Release|Any CPU
	EndGlobalSection
	GlobalSection(SolutionProperties) = preSolution
		HideSolutionNode = FALSE
	EndGlobalSection
	GlobalSection(ExtensibilityGlobals) = postSolution
		SolutionGuid = {6AC23ACE-382F-4510-B4A7-BFFAC96BEB85}
	EndGlobalSection
EndGlobal
