
Microsoft Visual Studio Solution File, Format Version 12.00
# Visual Studio 15
VisualStudioVersion = 15.0.26730.16
MinimumVisualStudioVersion = 10.0.40219.1
Project("{FAE04EC0-301F-11D3-BF4B-00C04F79EFBC}") = "employee09", "employee09\employee09.csproj", "{5C598248-8B45-4CFF-A1ED-50078DCCEA4A}"
EndProject
Global
	GlobalSection(SolutionConfigurationPlatforms) = preSolution
		Debug|Any CPU = Debug|Any CPU
		Release|Any CPU = Release|Any CPU
	EndGlobalSection
	GlobalSection(ProjectConfigurationPlatforms) = postSolution
		{5C598248-8B45-4CFF-A1ED-50078DCCEA4A}.Debug|Any CPU.ActiveCfg = Debug|Any CPU
		{5C598248-8B45-4CFF-A1ED-50078DCCEA4A}.Debug|Any CPU.Build.0 = Debug|Any CPU
		{5C598248-8B45-4CFF-A1ED-50078DCCEA4A}.Release|Any CPU.ActiveCfg = Release|Any CPU
		{5C598248-8B45-4CFF-A1ED-50078DCCEA4A}.Release|Any CPU.Build.0 = Release|Any CPU
	EndGlobalSection
	GlobalSection(SolutionProperties) = preSolution
		HideSolutionNode = FALSE
	EndGlobalSection
	GlobalSection(ExtensibilityGlobals) = postSolution
		SolutionGuid = {46CDEFC5-583D-4A3C-A66C-B874620FC9AE}
	EndGlobalSection
EndGlobal
