
Microsoft Visual Studio Solution File, Format Version 12.00
# Visual Studio 15
VisualStudioVersion = 15.0.26730.16
MinimumVisualStudioVersion = 10.0.40219.1
Project("{FAE04EC0-301F-11D3-BF4B-00C04F79EFBC}") = "classlib92", "classlib92\classlib92.csproj", "{705442C3-5A5D-4B12-B502-3F22D4129994}"
EndProject
Global
	GlobalSection(SolutionConfigurationPlatforms) = preSolution
		Debug|Any CPU = Debug|Any CPU
		Release|Any CPU = Release|Any CPU
	EndGlobalSection
	GlobalSection(ProjectConfigurationPlatforms) = postSolution
		{705442C3-5A5D-4B12-B502-3F22D4129994}.Debug|Any CPU.ActiveCfg = Debug|Any CPU
		{705442C3-5A5D-4B12-B502-3F22D4129994}.Debug|Any CPU.Build.0 = Debug|Any CPU
		{705442C3-5A5D-4B12-B502-3F22D4129994}.Release|Any CPU.ActiveCfg = Release|Any CPU
		{705442C3-5A5D-4B12-B502-3F22D4129994}.Release|Any CPU.Build.0 = Release|Any CPU
	EndGlobalSection
	GlobalSection(SolutionProperties) = preSolution
		HideSolutionNode = FALSE
	EndGlobalSection
	GlobalSection(ExtensibilityGlobals) = postSolution
		SolutionGuid = {849823CA-1A37-4F30-8EDB-5F22E61A2AF9}
	EndGlobalSection
EndGlobal
