
Microsoft Visual Studio Solution File, Format Version 12.00
# Visual Studio 15
VisualStudioVersion = 15.0.26730.16
MinimumVisualStudioVersion = 10.0.40219.1
Project("{FAE04EC0-301F-11D3-BF4B-00C04F79EFBC}") = "threads", "threads\threads.csproj", "{F52F4D62-D78F-48A0-939F-3DCC0C90F74A}"
EndProject
Global
	GlobalSection(SolutionConfigurationPlatforms) = preSolution
		Debug|Any CPU = Debug|Any CPU
		Release|Any CPU = Release|Any CPU
	EndGlobalSection
	GlobalSection(ProjectConfigurationPlatforms) = postSolution
		{F52F4D62-D78F-48A0-939F-3DCC0C90F74A}.Debug|Any CPU.ActiveCfg = Debug|Any CPU
		{F52F4D62-D78F-48A0-939F-3DCC0C90F74A}.Debug|Any CPU.Build.0 = Debug|Any CPU
		{F52F4D62-D78F-48A0-939F-3DCC0C90F74A}.Release|Any CPU.ActiveCfg = Release|Any CPU
		{F52F4D62-D78F-48A0-939F-3DCC0C90F74A}.Release|Any CPU.Build.0 = Release|Any CPU
	EndGlobalSection
	GlobalSection(SolutionProperties) = preSolution
		HideSolutionNode = FALSE
	EndGlobalSection
	GlobalSection(ExtensibilityGlobals) = postSolution
		SolutionGuid = {FF357B5D-1F55-478D-800D-EC4E7825AA68}
	EndGlobalSection
EndGlobal
