
Microsoft Visual Studio Solution File, Format Version 12.00
# Visual Studio Version 16
VisualStudioVersion = 16.0.29806.167
MinimumVisualStudioVersion = 10.0.40219.1
Project("{FAE04EC0-301F-11D3-BF4B-00C04F79EFBC}") = "webappdemo1", "webappdemo1\webappdemo1.csproj", "{05A8B5EC-52DB-45B8-9806-3CA012ABFFBC}"
EndProject
Global
	GlobalSection(SolutionConfigurationPlatforms) = preSolution
		Debug|Any CPU = Debug|Any CPU
		Release|Any CPU = Release|Any CPU
	EndGlobalSection
	GlobalSection(ProjectConfigurationPlatforms) = postSolution
		{05A8B5EC-52DB-45B8-9806-3CA012ABFFBC}.Debug|Any CPU.ActiveCfg = Debug|Any CPU
		{05A8B5EC-52DB-45B8-9806-3CA012ABFFBC}.Debug|Any CPU.Build.0 = Debug|Any CPU
		{05A8B5EC-52DB-45B8-9806-3CA012ABFFBC}.Release|Any CPU.ActiveCfg = Release|Any CPU
		{05A8B5EC-52DB-45B8-9806-3CA012ABFFBC}.Release|Any CPU.Build.0 = Release|Any CPU
	EndGlobalSection
	GlobalSection(SolutionProperties) = preSolution
		HideSolutionNode = FALSE
	EndGlobalSection
	GlobalSection(ExtensibilityGlobals) = postSolution
		SolutionGuid = {A62F7531-1C8F-4EF0-85A8-013C10F27E0C}
	EndGlobalSection
EndGlobal
