
Microsoft Visual Studio Solution File, Format Version 12.00
# Visual Studio 15
VisualStudioVersion = 15.0.26730.16
MinimumVisualStudioVersion = 10.0.40219.1
Project("{FAE04EC0-301F-11D3-BF4B-00C04F79EFBC}") = "circle", "circle\circle.csproj", "{BDB8BD63-FDB0-4FBC-9904-9EB65E6BD12B}"
EndProject
Global
	GlobalSection(SolutionConfigurationPlatforms) = preSolution
		Debug|Any CPU = Debug|Any CPU
		Release|Any CPU = Release|Any CPU
	EndGlobalSection
	GlobalSection(ProjectConfigurationPlatforms) = postSolution
		{BDB8BD63-FDB0-4FBC-9904-9EB65E6BD12B}.Debug|Any CPU.ActiveCfg = Debug|Any CPU
		{BDB8BD63-FDB0-4FBC-9904-9EB65E6BD12B}.Debug|Any CPU.Build.0 = Debug|Any CPU
		{BDB8BD63-FDB0-4FBC-9904-9EB65E6BD12B}.Release|Any CPU.ActiveCfg = Release|Any CPU
		{BDB8BD63-FDB0-4FBC-9904-9EB65E6BD12B}.Release|Any CPU.Build.0 = Release|Any CPU
	EndGlobalSection
	GlobalSection(SolutionProperties) = preSolution
		HideSolutionNode = FALSE
	EndGlobalSection
	GlobalSection(ExtensibilityGlobals) = postSolution
		SolutionGuid = {31F3184B-2453-41EB-8F25-E6CD1899F369}
	EndGlobalSection
EndGlobal
